
Microsoft Visual Studio Solution File, Format Version 12.00
# Visual Studio Version 17
VisualStudioVersion = 17.6.33723.286
MinimumVisualStudioVersion = 10.0.40219.1
Project("{9A19103F-16F7-4668-BE54-9A1E7A4F7556}") = "avhH60Store", "avhH60Store\avhH60Store.csproj", "{6157974D-36E3-4FE3-91A2-A78CE511A481}"
EndProject
Project("{9A19103F-16F7-4668-BE54-9A1E7A4F7556}") = "avhH60Services", "avhH60Services\avhH60Services.csproj", "{8247BF61-9C26-48E3-AE57-61F296A2455F}"
EndProject
Project("{9A19103F-16F7-4668-BE54-9A1E7A4F7556}") = "avhH60Customer", "avhH60Customer\avhH60Customer.csproj", "{DD238EF9-4558-49DE-9716-D218286CA51B}"
EndProject
Project("{9A19103F-16F7-4668-BE54-9A1E7A4F7556}") = "avhH60Common", "avhH60Common\avhH60Common.csproj", "{AEB40EF9-C8F7-4CA5-A2B1-C02B17E4A714}"
EndProject
Project("{9A19103F-16F7-4668-BE54-9A1E7A4F7556}") = "avhH60Manager", "avhH60Manager\avhH60Manager.csproj", "{48C1FA0C-AE78-4953-9579-4A9407E7481C}"
EndProject
Global
	GlobalSection(SolutionConfigurationPlatforms) = preSolution
		Debug|Any CPU = Debug|Any CPU
		Release|Any CPU = Release|Any CPU
	EndGlobalSection
	GlobalSection(ProjectConfigurationPlatforms) = postSolution
		{6157974D-36E3-4FE3-91A2-A78CE511A481}.Debug|Any CPU.ActiveCfg = Debug|Any CPU
		{6157974D-36E3-4FE3-91A2-A78CE511A481}.Debug|Any CPU.Build.0 = Debug|Any CPU
		{6157974D-36E3-4FE3-91A2-A78CE511A481}.Release|Any CPU.ActiveCfg = Release|Any CPU
		{6157974D-36E3-4FE3-91A2-A78CE511A481}.Release|Any CPU.Build.0 = Release|Any CPU
		{8247BF61-9C26-48E3-AE57-61F296A2455F}.Debug|Any CPU.ActiveCfg = Debug|Any CPU
		{8247BF61-9C26-48E3-AE57-61F296A2455F}.Debug|Any CPU.Build.0 = Debug|Any CPU
		{8247BF61-9C26-48E3-AE57-61F296A2455F}.Release|Any CPU.ActiveCfg = Release|Any CPU
		{8247BF61-9C26-48E3-AE57-61F296A2455F}.Release|Any CPU.Build.0 = Release|Any CPU
		{DD238EF9-4558-49DE-9716-D218286CA51B}.Debug|Any CPU.ActiveCfg = Debug|Any CPU
		{DD238EF9-4558-49DE-9716-D218286CA51B}.Debug|Any CPU.Build.0 = Debug|Any CPU
		{DD238EF9-4558-49DE-9716-D218286CA51B}.Release|Any CPU.ActiveCfg = Release|Any CPU
		{DD238EF9-4558-49DE-9716-D218286CA51B}.Release|Any CPU.Build.0 = Release|Any CPU
		{AEB40EF9-C8F7-4CA5-A2B1-C02B17E4A714}.Debug|Any CPU.ActiveCfg = Debug|Any CPU
		{AEB40EF9-C8F7-4CA5-A2B1-C02B17E4A714}.Debug|Any CPU.Build.0 = Debug|Any CPU
		{AEB40EF9-C8F7-4CA5-A2B1-C02B17E4A714}.Release|Any CPU.ActiveCfg = Release|Any CPU
		{AEB40EF9-C8F7-4CA5-A2B1-C02B17E4A714}.Release|Any CPU.Build.0 = Release|Any CPU
		{48C1FA0C-AE78-4953-9579-4A9407E7481C}.Debug|Any CPU.ActiveCfg = Debug|Any CPU
		{48C1FA0C-AE78-4953-9579-4A9407E7481C}.Debug|Any CPU.Build.0 = Debug|Any CPU
		{48C1FA0C-AE78-4953-9579-4A9407E7481C}.Release|Any CPU.ActiveCfg = Release|Any CPU
		{48C1FA0C-AE78-4953-9579-4A9407E7481C}.Release|Any CPU.Build.0 = Release|Any CPU
	EndGlobalSection
	GlobalSection(SolutionProperties) = preSolution
		HideSolutionNode = FALSE
	EndGlobalSection
	GlobalSection(ExtensibilityGlobals) = postSolution
		SolutionGuid = {35935F7E-C574-4E3F-9C0F-0908BF096318}
	EndGlobalSection
EndGlobal
